
Microsoft Visual Studio Solution File, Format Version 12.00
# Visual Studio Version 17
VisualStudioVersion = 17.5.33627.172
MinimumVisualStudioVersion = 10.0.40219.1
Project("{FAE04EC0-301F-11D3-BF4B-00C04F79EFBC}") = "ScriptsEngine", "ScriptsEngine\ScriptsEngine.csproj", "{22102642-865C-4D21-9487-4D5F58D96804}"
EndProject
Project("{FAE04EC0-301F-11D3-BF4B-00C04F79EFBC}") = "ScriptsEngine_UnitTesting", "UnitTests\ScriptsEngine_UnitTesting.csproj", "{9B7DDC77-9CA6-476E-A841-80F8A216B1F1}"
EndProject
Global
	GlobalSection(SolutionConfigurationPlatforms) = preSolution
		Debug|Any CPU = Debug|Any CPU
		Release|Any CPU = Release|Any CPU
	EndGlobalSection
	GlobalSection(ProjectConfigurationPlatforms) = postSolution
		{22102642-865C-4D21-9487-4D5F58D96804}.Debug|Any CPU.ActiveCfg = Debug|Any CPU
		{22102642-865C-4D21-9487-4D5F58D96804}.Debug|Any CPU.Build.0 = Debug|Any CPU
		{22102642-865C-4D21-9487-4D5F58D96804}.Release|Any CPU.ActiveCfg = Release|Any CPU
		{22102642-865C-4D21-9487-4D5F58D96804}.Release|Any CPU.Build.0 = Release|Any CPU
		{9B7DDC77-9CA6-476E-A841-80F8A216B1F1}.Debug|Any CPU.ActiveCfg = Debug|Any CPU
		{9B7DDC77-9CA6-476E-A841-80F8A216B1F1}.Debug|Any CPU.Build.0 = Debug|Any CPU
		{9B7DDC77-9CA6-476E-A841-80F8A216B1F1}.Release|Any CPU.ActiveCfg = Release|Any CPU
		{9B7DDC77-9CA6-476E-A841-80F8A216B1F1}.Release|Any CPU.Build.0 = Release|Any CPU
	EndGlobalSection
	GlobalSection(SolutionProperties) = preSolution
		HideSolutionNode = FALSE
	EndGlobalSection
	GlobalSection(ExtensibilityGlobals) = postSolution
		SolutionGuid = {45755810-2E84-4A34-B425-644BDCF14608}
	EndGlobalSection
EndGlobal
